
Microsoft Visual Studio Solution File, Format Version 12.00
# Visual Studio Version 17
VisualStudioVersion = 17.5.002.0
MinimumVisualStudioVersion = 10.0.40219.1
Project("{2150E333-8FDC-42A3-9474-1A3956D46DE8}") = "sandbox", "sandbox", "{8FDEF6B0-3C35-4906-BB85-BE0E029F3B79}"
EndProject
Project("{9A19103F-16F7-4668-BE54-9A1E7A4F7556}") = "sandbox_project", "sandbox\sandbox_project\sandbox_project.csproj", "{BDC18308-C4E1-41C4-80DC-895D56C0FC5F}"
EndProject
Project("{2150E333-8FDC-42A3-9474-1A3956D46DE8}") = "week01", "week01", "{9C2AD7B2-FB2B-468E-BF49-4DD439B18AED}"
EndProject
Project("{9A19103F-16F7-4668-BE54-9A1E7A4F7556}") = "analyze", "week01\analyze\analyze.csproj", "{765AA81C-D284-42F8-8E8A-6FFCBB956C84}"
EndProject
Project("{9A19103F-16F7-4668-BE54-9A1E7A4F7556}") = "code", "week01\code\code.csproj", "{28345978-7B80-419D-9ADA-B5CE012C6A54}"
EndProject
Project("{9A19103F-16F7-4668-BE54-9A1E7A4F7556}") = "teach", "week01\teach\teach.csproj", "{BC83FA75-9AEF-4A9B-92A6-F23E442B9718}"
EndProject
Project("{2150E333-8FDC-42A3-9474-1A3956D46DE8}") = "week02", "week02", "{2F7FDA17-7CA1-409D-AD2B-0D69B71423E1}"
EndProject
Project("{9A19103F-16F7-4668-BE54-9A1E7A4F7556}") = "analyze", "week02\analyze\analyze.csproj", "{FCF034DA-823D-4B58-BAB3-DF0DB502870B}"
EndProject
Project("{9A19103F-16F7-4668-BE54-9A1E7A4F7556}") = "code", "week02\code\code.csproj", "{01C1170D-E9C7-420D-91BA-12B41D19E6F8}"
EndProject
Project("{9A19103F-16F7-4668-BE54-9A1E7A4F7556}") = "learn", "week02\learn\learn.csproj", "{6ACE93A9-36E6-46D0-836E-535EB64FE7B4}"
EndProject
Project("{9A19103F-16F7-4668-BE54-9A1E7A4F7556}") = "teach", "week02\teach\teach.csproj", "{D31E71CA-77E0-4C97-9ADF-DB288E8EAA95}"
EndProject
Project("{2150E333-8FDC-42A3-9474-1A3956D46DE8}") = "week03", "week03", "{0521C91D-B2C9-4DC3-9B15-8670F7C0B359}"
EndProject
Project("{9A19103F-16F7-4668-BE54-9A1E7A4F7556}") = "code", "week03\code\code.csproj", "{C1D0038A-6F3F-4786-AE01-3F6C79C61077}"
EndProject
Project("{9A19103F-16F7-4668-BE54-9A1E7A4F7556}") = "learn", "week03\learn\learn.csproj", "{D118A6D8-AA5D-406F-9F29-078160923BFD}"
EndProject
Project("{9A19103F-16F7-4668-BE54-9A1E7A4F7556}") = "teach", "week03\teach\teach.csproj", "{6F6C71DB-F50E-4370-9FA2-BA0D86CECC4F}"
EndProject
Project("{2150E333-8FDC-42A3-9474-1A3956D46DE8}") = "week04", "week04", "{78810D94-6CB6-4423-B362-3CE4A79DFAF6}"
EndProject
Project("{9A19103F-16F7-4668-BE54-9A1E7A4F7556}") = "code", "week04\code\code.csproj", "{68720183-75A5-43A1-B679-DB8BF4DCB33C}"
EndProject
Project("{2150E333-8FDC-42A3-9474-1A3956D46DE8}") = "week05", "week05", "{B54BA8DB-AB4F-4CEF-82DC-4C2184A6E460}"
EndProject
Project("{9A19103F-16F7-4668-BE54-9A1E7A4F7556}") = "code", "week05\code\code.csproj", "{E36591F6-C853-45FB-A62B-9A5D85BDA1BC}"
EndProject
Project("{2150E333-8FDC-42A3-9474-1A3956D46DE8}") = "week06", "week06", "{F9F66B69-A6AD-4E5E-86D4-89A2ED885D1B}"
EndProject
Project("{9A19103F-16F7-4668-BE54-9A1E7A4F7556}") = "code", "week06\code\code.csproj", "{8BE17E2B-8BE9-41D6-BA99-9893B227AA48}"
EndProject
Global
	GlobalSection(SolutionConfigurationPlatforms) = preSolution
		Debug|Any CPU = Debug|Any CPU
		Release|Any CPU = Release|Any CPU
	EndGlobalSection
	GlobalSection(ProjectConfigurationPlatforms) = postSolution
		{BDC18308-C4E1-41C4-80DC-895D56C0FC5F}.Debug|Any CPU.ActiveCfg = Debug|Any CPU
		{BDC18308-C4E1-41C4-80DC-895D56C0FC5F}.Debug|Any CPU.Build.0 = Debug|Any CPU
		{BDC18308-C4E1-41C4-80DC-895D56C0FC5F}.Release|Any CPU.ActiveCfg = Release|Any CPU
		{BDC18308-C4E1-41C4-80DC-895D56C0FC5F}.Release|Any CPU.Build.0 = Release|Any CPU
		{765AA81C-D284-42F8-8E8A-6FFCBB956C84}.Debug|Any CPU.ActiveCfg = Debug|Any CPU
		{765AA81C-D284-42F8-8E8A-6FFCBB956C84}.Debug|Any CPU.Build.0 = Debug|Any CPU
		{765AA81C-D284-42F8-8E8A-6FFCBB956C84}.Release|Any CPU.ActiveCfg = Release|Any CPU
		{765AA81C-D284-42F8-8E8A-6FFCBB956C84}.Release|Any CPU.Build.0 = Release|Any CPU
		{28345978-7B80-419D-9ADA-B5CE012C6A54}.Debug|Any CPU.ActiveCfg = Debug|Any CPU
		{28345978-7B80-419D-9ADA-B5CE012C6A54}.Debug|Any CPU.Build.0 = Debug|Any CPU
		{28345978-7B80-419D-9ADA-B5CE012C6A54}.Release|Any CPU.ActiveCfg = Release|Any CPU
		{28345978-7B80-419D-9ADA-B5CE012C6A54}.Release|Any CPU.Build.0 = Release|Any CPU
		{BC83FA75-9AEF-4A9B-92A6-F23E442B9718}.Debug|Any CPU.ActiveCfg = Debug|Any CPU
		{BC83FA75-9AEF-4A9B-92A6-F23E442B9718}.Debug|Any CPU.Build.0 = Debug|Any CPU
		{BC83FA75-9AEF-4A9B-92A6-F23E442B9718}.Release|Any CPU.ActiveCfg = Release|Any CPU
		{BC83FA75-9AEF-4A9B-92A6-F23E442B9718}.Release|Any CPU.Build.0 = Release|Any CPU
		{FCF034DA-823D-4B58-BAB3-DF0DB502870B}.Debug|Any CPU.ActiveCfg = Debug|Any CPU
		{FCF034DA-823D-4B58-BAB3-DF0DB502870B}.Debug|Any CPU.Build.0 = Debug|Any CPU
		{FCF034DA-823D-4B58-BAB3-DF0DB502870B}.Release|Any CPU.ActiveCfg = Release|Any CPU
		{FCF034DA-823D-4B58-BAB3-DF0DB502870B}.Release|Any CPU.Build.0 = Release|Any CPU
		{01C1170D-E9C7-420D-91BA-12B41D19E6F8}.Debug|Any CPU.ActiveCfg = Debug|Any CPU
		{01C1170D-E9C7-420D-91BA-12B41D19E6F8}.Debug|Any CPU.Build.0 = Debug|Any CPU
		{01C1170D-E9C7-420D-91BA-12B41D19E6F8}.Release|Any CPU.ActiveCfg = Release|Any CPU
		{01C1170D-E9C7-420D-91BA-12B41D19E6F8}.Release|Any CPU.Build.0 = Release|Any CPU
		{6ACE93A9-36E6-46D0-836E-535EB64FE7B4}.Debug|Any CPU.ActiveCfg = Debug|Any CPU
		{6ACE93A9-36E6-46D0-836E-535EB64FE7B4}.Debug|Any CPU.Build.0 = Debug|Any CPU
		{6ACE93A9-36E6-46D0-836E-535EB64FE7B4}.Release|Any CPU.ActiveCfg = Release|Any CPU
		{6ACE93A9-36E6-46D0-836E-535EB64FE7B4}.Release|Any CPU.Build.0 = Release|Any CPU
		{D31E71CA-77E0-4C97-9ADF-DB288E8EAA95}.Debug|Any CPU.ActiveCfg = Debug|Any CPU
		{D31E71CA-77E0-4C97-9ADF-DB288E8EAA95}.Debug|Any CPU.Build.0 = Debug|Any CPU
		{D31E71CA-77E0-4C97-9ADF-DB288E8EAA95}.Release|Any CPU.ActiveCfg = Release|Any CPU
		{D31E71CA-77E0-4C97-9ADF-DB288E8EAA95}.Release|Any CPU.Build.0 = Release|Any CPU
		{C1D0038A-6F3F-4786-AE01-3F6C79C61077}.Debug|Any CPU.ActiveCfg = Debug|Any CPU
		{C1D0038A-6F3F-4786-AE01-3F6C79C61077}.Debug|Any CPU.Build.0 = Debug|Any CPU
		{C1D0038A-6F3F-4786-AE01-3F6C79C61077}.Release|Any CPU.ActiveCfg = Release|Any CPU
		{C1D0038A-6F3F-4786-AE01-3F6C79C61077}.Release|Any CPU.Build.0 = Release|Any CPU
		{D118A6D8-AA5D-406F-9F29-078160923BFD}.Debug|Any CPU.ActiveCfg = Debug|Any CPU
		{D118A6D8-AA5D-406F-9F29-078160923BFD}.Debug|Any CPU.Build.0 = Debug|Any CPU
		{D118A6D8-AA5D-406F-9F29-078160923BFD}.Release|Any CPU.ActiveCfg = Release|Any CPU
		{D118A6D8-AA5D-406F-9F29-078160923BFD}.Release|Any CPU.Build.0 = Release|Any CPU
		{6F6C71DB-F50E-4370-9FA2-BA0D86CECC4F}.Debug|Any CPU.ActiveCfg = Debug|Any CPU
		{6F6C71DB-F50E-4370-9FA2-BA0D86CECC4F}.Debug|Any CPU.Build.0 = Debug|Any CPU
		{6F6C71DB-F50E-4370-9FA2-BA0D86CECC4F}.Release|Any CPU.ActiveCfg = Release|Any CPU
		{6F6C71DB-F50E-4370-9FA2-BA0D86CECC4F}.Release|Any CPU.Build.0 = Release|Any CPU
		{68720183-75A5-43A1-B679-DB8BF4DCB33C}.Debug|Any CPU.ActiveCfg = Debug|Any CPU
		{68720183-75A5-43A1-B679-DB8BF4DCB33C}.Debug|Any CPU.Build.0 = Debug|Any CPU
		{68720183-75A5-43A1-B679-DB8BF4DCB33C}.Release|Any CPU.ActiveCfg = Release|Any CPU
		{68720183-75A5-43A1-B679-DB8BF4DCB33C}.Release|Any CPU.Build.0 = Release|Any CPU
		{E36591F6-C853-45FB-A62B-9A5D85BDA1BC}.Debug|Any CPU.ActiveCfg = Debug|Any CPU
		{E36591F6-C853-45FB-A62B-9A5D85BDA1BC}.Debug|Any CPU.Build.0 = Debug|Any CPU
		{E36591F6-C853-45FB-A62B-9A5D85BDA1BC}.Release|Any CPU.ActiveCfg = Release|Any CPU
		{E36591F6-C853-45FB-A62B-9A5D85BDA1BC}.Release|Any CPU.Build.0 = Release|Any CPU
		{8BE17E2B-8BE9-41D6-BA99-9893B227AA48}.Debug|Any CPU.ActiveCfg = Debug|Any CPU
		{8BE17E2B-8BE9-41D6-BA99-9893B227AA48}.Debug|Any CPU.Build.0 = Debug|Any CPU
		{8BE17E2B-8BE9-41D6-BA99-9893B227AA48}.Release|Any CPU.ActiveCfg = Release|Any CPU
		{8BE17E2B-8BE9-41D6-BA99-9893B227AA48}.Release|Any CPU.Build.0 = Release|Any CPU
	EndGlobalSection
	GlobalSection(SolutionProperties) = preSolution
		HideSolutionNode = FALSE
	EndGlobalSection
	GlobalSection(NestedProjects) = preSolution
		{BDC18308-C4E1-41C4-80DC-895D56C0FC5F} = {8FDEF6B0-3C35-4906-BB85-BE0E029F3B79}
		{765AA81C-D284-42F8-8E8A-6FFCBB956C84} = {9C2AD7B2-FB2B-468E-BF49-4DD439B18AED}
		{28345978-7B80-419D-9ADA-B5CE012C6A54} = {9C2AD7B2-FB2B-468E-BF49-4DD439B18AED}
		{BC83FA75-9AEF-4A9B-92A6-F23E442B9718} = {9C2AD7B2-FB2B-468E-BF49-4DD439B18AED}
		{FCF034DA-823D-4B58-BAB3-DF0DB502870B} = {2F7FDA17-7CA1-409D-AD2B-0D69B71423E1}
		{01C1170D-E9C7-420D-91BA-12B41D19E6F8} = {2F7FDA17-7CA1-409D-AD2B-0D69B71423E1}
		{6ACE93A9-36E6-46D0-836E-535EB64FE7B4} = {2F7FDA17-7CA1-409D-AD2B-0D69B71423E1}
		{D31E71CA-77E0-4C97-9ADF-DB288E8EAA95} = {2F7FDA17-7CA1-409D-AD2B-0D69B71423E1}
		{C1D0038A-6F3F-4786-AE01-3F6C79C61077} = {0521C91D-B2C9-4DC3-9B15-8670F7C0B359}
		{D118A6D8-AA5D-406F-9F29-078160923BFD} = {0521C91D-B2C9-4DC3-9B15-8670F7C0B359}
		{6F6C71DB-F50E-4370-9FA2-BA0D86CECC4F} = {0521C91D-B2C9-4DC3-9B15-8670F7C0B359}
		{68720183-75A5-43A1-B679-DB8BF4DCB33C} = {78810D94-6CB6-4423-B362-3CE4A79DFAF6}
		{E36591F6-C853-45FB-A62B-9A5D85BDA1BC} = {B54BA8DB-AB4F-4CEF-82DC-4C2184A6E460}
		{8BE17E2B-8BE9-41D6-BA99-9893B227AA48} = {F9F66B69-A6AD-4E5E-86D4-89A2ED885D1B}
	EndGlobalSection
	GlobalSection(ExtensibilityGlobals) = postSolution
		SolutionGuid = {51D4C7DA-C014-40F3-BAC5-20EA5A1DFAAB}
	EndGlobalSection
EndGlobal
